
Microsoft Visual Studio Solution File, Format Version 12.00
# Visual Studio 15
VisualStudioVersion = 15.0.26730.10
MinimumVisualStudioVersion = 10.0.40219.1
Project("{FAE04EC0-301F-11D3-BF4B-00C04F79EFBC}") = "InventarioIFSP", "InventarioIFSP\InventarioIFSP.csproj", "{AC3F1742-E7F5-4CCB-AC61-8568F69C9D27}"
EndProject
Global
	GlobalSection(SolutionConfigurationPlatforms) = preSolution
		Debug|Any CPU = Debug|Any CPU
		Release|Any CPU = Release|Any CPU
	EndGlobalSection
	GlobalSection(ProjectConfigurationPlatforms) = postSolution
		{AC3F1742-E7F5-4CCB-AC61-8568F69C9D27}.Debug|Any CPU.ActiveCfg = Debug|Any CPU
		{AC3F1742-E7F5-4CCB-AC61-8568F69C9D27}.Debug|Any CPU.Build.0 = Debug|Any CPU
		{AC3F1742-E7F5-4CCB-AC61-8568F69C9D27}.Release|Any CPU.ActiveCfg = Release|Any CPU
		{AC3F1742-E7F5-4CCB-AC61-8568F69C9D27}.Release|Any CPU.Build.0 = Release|Any CPU
	EndGlobalSection
	GlobalSection(SolutionProperties) = preSolution
		HideSolutionNode = FALSE
	EndGlobalSection
	GlobalSection(ExtensibilityGlobals) = postSolution
		SolutionGuid = {B00A9689-914D-4A42-9913-88BD02106149}
	EndGlobalSection
EndGlobal
